
Microsoft Visual Studio Solution File, Format Version 12.00
# Visual Studio Version 16
VisualStudioVersion = 16.0.30309.148
MinimumVisualStudioVersion = 10.0.40219.1
Project("{9A19103F-16F7-4668-BE54-9A1E7A4F7556}") = "ChatBot.Telegram", "ChatBot.Telegram\ChatBot.Telegram.csproj", "{B23257B6-A399-4877-BCB6-97550A0B3684}"
EndProject
Project("{2150E333-8FDC-42A3-9474-1A3956D46DE8}") = "Scripts", "Scripts", "{4D41A21A-0284-4513-9B3F-A2385A43D2D1}"
	ProjectSection(SolutionItems) = preProject
		Scripts\CarrefourBancoBot.json = Scripts\CarrefourBancoBot.json
	EndProjectSection
EndProject
Project("{FAE04EC0-301F-11D3-BF4B-00C04F79EFBC}") = "ChatBot", "ChatBot\ChatBot.csproj", "{C167F309-15EF-4CAC-A5C3-04C0F33CA420}"
EndProject
Project("{FAE04EC0-301F-11D3-BF4B-00C04F79EFBC}") = "ChatBot.Editor", "ChatBot.Editor\ChatBot.Editor.csproj", "{16CBA2BA-A6B9-4319-A867-ED572652D53C}"
EndProject
Global
	GlobalSection(SolutionConfigurationPlatforms) = preSolution
		Debug|Any CPU = Debug|Any CPU
		Release|Any CPU = Release|Any CPU
	EndGlobalSection
	GlobalSection(ProjectConfigurationPlatforms) = postSolution
		{B23257B6-A399-4877-BCB6-97550A0B3684}.Debug|Any CPU.ActiveCfg = Debug|Any CPU
		{B23257B6-A399-4877-BCB6-97550A0B3684}.Debug|Any CPU.Build.0 = Debug|Any CPU
		{B23257B6-A399-4877-BCB6-97550A0B3684}.Release|Any CPU.ActiveCfg = Release|Any CPU
		{B23257B6-A399-4877-BCB6-97550A0B3684}.Release|Any CPU.Build.0 = Release|Any CPU
		{C167F309-15EF-4CAC-A5C3-04C0F33CA420}.Debug|Any CPU.ActiveCfg = Debug|Any CPU
		{C167F309-15EF-4CAC-A5C3-04C0F33CA420}.Debug|Any CPU.Build.0 = Debug|Any CPU
		{C167F309-15EF-4CAC-A5C3-04C0F33CA420}.Release|Any CPU.ActiveCfg = Release|Any CPU
		{C167F309-15EF-4CAC-A5C3-04C0F33CA420}.Release|Any CPU.Build.0 = Release|Any CPU
		{16CBA2BA-A6B9-4319-A867-ED572652D53C}.Debug|Any CPU.ActiveCfg = Debug|Any CPU
		{16CBA2BA-A6B9-4319-A867-ED572652D53C}.Debug|Any CPU.Build.0 = Debug|Any CPU
		{16CBA2BA-A6B9-4319-A867-ED572652D53C}.Release|Any CPU.ActiveCfg = Release|Any CPU
		{16CBA2BA-A6B9-4319-A867-ED572652D53C}.Release|Any CPU.Build.0 = Release|Any CPU
	EndGlobalSection
	GlobalSection(SolutionProperties) = preSolution
		HideSolutionNode = FALSE
	EndGlobalSection
	GlobalSection(ExtensibilityGlobals) = postSolution
		SolutionGuid = {F6F720FC-72BC-4BE9-A710-99B87C154F8D}
	EndGlobalSection
EndGlobal
